
Microsoft Visual Studio Solution File, Format Version 12.00
# Visual Studio Version 16
VisualStudioVersion = 16.0.31313.79
MinimumVisualStudioVersion = 10.0.40219.1
Project("{FAE04EC0-301F-11D3-BF4B-00C04F79EFBC}") = "FirstConsole", "FirstConsole.csproj", "{C9E9EA4D-575A-457B-9EA4-BBAD6863D1A6}"
EndProject
Global
	GlobalSection(SolutionConfigurationPlatforms) = preSolution
		Debug|Any CPU = Debug|Any CPU
		Release|Any CPU = Release|Any CPU
	EndGlobalSection
	GlobalSection(ProjectConfigurationPlatforms) = postSolution
		{C9E9EA4D-575A-457B-9EA4-BBAD6863D1A6}.Debug|Any CPU.ActiveCfg = Debug|Any CPU
		{C9E9EA4D-575A-457B-9EA4-BBAD6863D1A6}.Debug|Any CPU.Build.0 = Debug|Any CPU
		{C9E9EA4D-575A-457B-9EA4-BBAD6863D1A6}.Release|Any CPU.ActiveCfg = Release|Any CPU
		{C9E9EA4D-575A-457B-9EA4-BBAD6863D1A6}.Release|Any CPU.Build.0 = Release|Any CPU
	EndGlobalSection
	GlobalSection(SolutionProperties) = preSolution
		HideSolutionNode = FALSE
	EndGlobalSection
	GlobalSection(ExtensibilityGlobals) = postSolution
		SolutionGuid = {E3EEAF63-DAA1-4641-9A4F-432D8146100B}
	EndGlobalSection
EndGlobal
