
Microsoft Visual Studio Solution File, Format Version 12.00
# Visual Studio Version 16
VisualStudioVersion = 16.0.31313.79
MinimumVisualStudioVersion = 10.0.40219.1
Project("{FAE04EC0-301F-11D3-BF4B-00C04F79EFBC}") = "ChefsFoodManagement", "ChefsFoodManagement.csproj", "{93DD646A-7254-4B38-AFEA-386A2BA5201C}"
EndProject
Global
	GlobalSection(SolutionConfigurationPlatforms) = preSolution
		Debug|Any CPU = Debug|Any CPU
		Release|Any CPU = Release|Any CPU
	EndGlobalSection
	GlobalSection(ProjectConfigurationPlatforms) = postSolution
		{93DD646A-7254-4B38-AFEA-386A2BA5201C}.Debug|Any CPU.ActiveCfg = Debug|Any CPU
		{93DD646A-7254-4B38-AFEA-386A2BA5201C}.Debug|Any CPU.Build.0 = Debug|Any CPU
		{93DD646A-7254-4B38-AFEA-386A2BA5201C}.Release|Any CPU.ActiveCfg = Release|Any CPU
		{93DD646A-7254-4B38-AFEA-386A2BA5201C}.Release|Any CPU.Build.0 = Release|Any CPU
	EndGlobalSection
	GlobalSection(SolutionProperties) = preSolution
		HideSolutionNode = FALSE
	EndGlobalSection
	GlobalSection(ExtensibilityGlobals) = postSolution
		SolutionGuid = {54F751FE-721C-45C3-8306-9BA6F2A3E24F}
	EndGlobalSection
EndGlobal
